certifi==2025.8.3 --hash=sha256:f6c12493cfb1b06ba2ff328595af9350c65d6644968e5d3a2ffd78699af217a5
charset-normalizer==3.4.3 --hash=sha256:1606f4a55c0fd363d754049cdf400175ee96c992b1f8018b993941f221221c5f
idna==3.10 --hash=sha256:946d195a0d259cbba61165e88e65941f16e9b36ea6ddb97f00452bae8b1287d3
requests==2.31.0 --hash=sha256:58cd2187c01e70e6e26505bca751777aa9f2ee0b7f4300988b709f44e013003f
urllib3==2.5.0 --hash=sha256:e6b01673c0fa6a13e374b50871808eb3bf7046c4b125b216f6bf1cc604cff0dc
